
Microsoft Visual Studio Solution File, Format Version 12.00
# Visual Studio Version 16
VisualStudioVersion = 16.0.30002.166
MinimumVisualStudioVersion = 10.0.40219.1
Project("{8BC9CEB8-8B4A-11D0-8D11-00A0C91BC942}") = "Rental_System", "Rental_System.vcxproj", "{431E9B69-3554-46F1-9300-D1816869A1FD}"
EndProject
Global
	GlobalSection(SolutionConfigurationPlatforms) = preSolution
		Debug|x64 = Debug|x64
		Debug|x86 = Debug|x86
		Release|x64 = Release|x64
		Release|x86 = Release|x86
	EndGlobalSection
	GlobalSection(ProjectConfigurationPlatforms) = postSolution
		{431E9B69-3554-46F1-9300-D1816869A1FD}.Debug|x64.ActiveCfg = Debug|x64
		{431E9B69-3554-46F1-9300-D1816869A1FD}.Debug|x64.Build.0 = Debug|x64
		{431E9B69-3554-46F1-9300-D1816869A1FD}.Debug|x86.ActiveCfg = Debug|Win32
		{431E9B69-3554-46F1-9300-D1816869A1FD}.Debug|x86.Build.0 = Debug|Win32
		{431E9B69-3554-46F1-9300-D1816869A1FD}.Release|x64.ActiveCfg = Release|x64
		{431E9B69-3554-46F1-9300-D1816869A1FD}.Release|x64.Build.0 = Release|x64
		{431E9B69-3554-46F1-9300-D1816869A1FD}.Release|x86.ActiveCfg = Release|Win32
		{431E9B69-3554-46F1-9300-D1816869A1FD}.Release|x86.Build.0 = Release|Win32
	EndGlobalSection
	GlobalSection(SolutionProperties) = preSolution
		HideSolutionNode = FALSE
	EndGlobalSection
	GlobalSection(ExtensibilityGlobals) = postSolution
		SolutionGuid = {7067FD3E-4E5A-4A45-B596-5E07FA1C4CE7}
	EndGlobalSection
EndGlobal
